
Microsoft Visual Studio Solution File, Format Version 12.00
# Visual Studio 14
VisualStudioVersion = 14.0.25420.1
MinimumVisualStudioVersion = 10.0.40219.1
Project("{8BC9CEB8-8B4A-11D0-8D11-00A0C91BC942}") = "Tuann1", "Tuann1\Tuann1.vcxproj", "{772BB019-49CF-46B7-B71F-F6C49206C25B}"
EndProject
Project("{8BC9CEB8-8B4A-11D0-8D11-00A0C91BC942}") = "Bai2", "Bai2\Bai2.vcxproj", "{7838BEAF-347E-4726-9CFE-9F2D0982B6FA}"
EndProject
Project("{8BC9CEB8-8B4A-11D0-8D11-00A0C91BC942}") = "Bai1", "Bai1\Bai1.vcxproj", "{1FB24C4C-551F-478A-B87F-BB64B319A2CC}"
EndProject
Project("{8BC9CEB8-8B4A-11D0-8D11-00A0C91BC942}") = "Bai3", "Bai3\Bai3.vcxproj", "{53F1EBA9-2F8A-4640-94DB-2AB9C9E5DCD3}"
EndProject
Project("{8BC9CEB8-8B4A-11D0-8D11-00A0C91BC942}") = "Bai4", "Bai4\Bai4.vcxproj", "{8D83AA26-906F-489E-9559-EE12AE899620}"
EndProject
Project("{8BC9CEB8-8B4A-11D0-8D11-00A0C91BC942}") = "Bai5", "Bai5\Bai5.vcxproj", "{F0568A7B-5D5F-4C09-B79D-13C4361A4454}"
EndProject
Project("{8BC9CEB8-8B4A-11D0-8D11-00A0C91BC942}") = "Bai6", "Bai6\Bai6.vcxproj", "{E0191949-C611-4AFF-9530-BF828FD32F95}"
EndProject
Project("{8BC9CEB8-8B4A-11D0-8D11-00A0C91BC942}") = "Bai7", "Bai7\Bai7.vcxproj", "{F29436D4-AB16-4909-9388-411548DAC4C9}"
EndProject
Project("{8BC9CEB8-8B4A-11D0-8D11-00A0C91BC942}") = "Bai8a", "Bai8a\Bai8a.vcxproj", "{A0502636-3226-438F-B8B4-24F8ED887073}"
EndProject
Project("{8BC9CEB8-8B4A-11D0-8D11-00A0C91BC942}") = "Bai8b", "Bai8b\Bai8b.vcxproj", "{9C402FA7-C301-4722-857E-4A6D57739776}"
EndProject
Project("{8BC9CEB8-8B4A-11D0-8D11-00A0C91BC942}") = "Bai9", "Bai9\Bai9.vcxproj", "{E8D9EBBC-9FE5-4B7B-9604-228F5FC57EA6}"
EndProject
Global
	GlobalSection(SolutionConfigurationPlatforms) = preSolution
		Debug|x64 = Debug|x64
		Debug|x86 = Debug|x86
		Release|x64 = Release|x64
		Release|x86 = Release|x86
	EndGlobalSection
	GlobalSection(ProjectConfigurationPlatforms) = postSolution
		{772BB019-49CF-46B7-B71F-F6C49206C25B}.Debug|x64.ActiveCfg = Debug|x64
		{772BB019-49CF-46B7-B71F-F6C49206C25B}.Debug|x64.Build.0 = Debug|x64
		{772BB019-49CF-46B7-B71F-F6C49206C25B}.Debug|x86.ActiveCfg = Debug|Win32
		{772BB019-49CF-46B7-B71F-F6C49206C25B}.Debug|x86.Build.0 = Debug|Win32
		{772BB019-49CF-46B7-B71F-F6C49206C25B}.Release|x64.ActiveCfg = Release|x64
		{772BB019-49CF-46B7-B71F-F6C49206C25B}.Release|x64.Build.0 = Release|x64
		{772BB019-49CF-46B7-B71F-F6C49206C25B}.Release|x86.ActiveCfg = Release|Win32
		{772BB019-49CF-46B7-B71F-F6C49206C25B}.Release|x86.Build.0 = Release|Win32
		{7838BEAF-347E-4726-9CFE-9F2D0982B6FA}.Debug|x64.ActiveCfg = Debug|x64
		{7838BEAF-347E-4726-9CFE-9F2D0982B6FA}.Debug|x64.Build.0 = Debug|x64
		{7838BEAF-347E-4726-9CFE-9F2D0982B6FA}.Debug|x86.ActiveCfg = Debug|Win32
		{7838BEAF-347E-4726-9CFE-9F2D0982B6FA}.Debug|x86.Build.0 = Debug|Win32
		{7838BEAF-347E-4726-9CFE-9F2D0982B6FA}.Release|x64.ActiveCfg = Release|x64
		{7838BEAF-347E-4726-9CFE-9F2D0982B6FA}.Release|x64.Build.0 = Release|x64
		{7838BEAF-347E-4726-9CFE-9F2D0982B6FA}.Release|x86.ActiveCfg = Release|Win32
		{7838BEAF-347E-4726-9CFE-9F2D0982B6FA}.Release|x86.Build.0 = Release|Win32
		{1FB24C4C-551F-478A-B87F-BB64B319A2CC}.Debug|x64.ActiveCfg = Debug|x64
		{1FB24C4C-551F-478A-B87F-BB64B319A2CC}.Debug|x64.Build.0 = Debug|x64
		{1FB24C4C-551F-478A-B87F-BB64B319A2CC}.Debug|x86.ActiveCfg = Debug|Win32
		{1FB24C4C-551F-478A-B87F-BB64B319A2CC}.Debug|x86.Build.0 = Debug|Win32
		{1FB24C4C-551F-478A-B87F-BB64B319A2CC}.Release|x64.ActiveCfg = Release|x64
		{1FB24C4C-551F-478A-B87F-BB64B319A2CC}.Release|x64.Build.0 = Release|x64
		{1FB24C4C-551F-478A-B87F-BB64B319A2CC}.Release|x86.ActiveCfg = Release|Win32
		{1FB24C4C-551F-478A-B87F-BB64B319A2CC}.Release|x86.Build.0 = Release|Win32
		{53F1EBA9-2F8A-4640-94DB-2AB9C9E5DCD3}.Debug|x64.ActiveCfg = Debug|x64
		{53F1EBA9-2F8A-4640-94DB-2AB9C9E5DCD3}.Debug|x64.Build.0 = Debug|x64
		{53F1EBA9-2F8A-4640-94DB-2AB9C9E5DCD3}.Debug|x86.ActiveCfg = Debug|Win32
		{53F1EBA9-2F8A-4640-94DB-2AB9C9E5DCD3}.Debug|x86.Build.0 = Debug|Win32
		{53F1EBA9-2F8A-4640-94DB-2AB9C9E5DCD3}.Release|x64.ActiveCfg = Release|x64
		{53F1EBA9-2F8A-4640-94DB-2AB9C9E5DCD3}.Release|x64.Build.0 = Release|x64
		{53F1EBA9-2F8A-4640-94DB-2AB9C9E5DCD3}.Release|x86.ActiveCfg = Release|Win32
		{53F1EBA9-2F8A-4640-94DB-2AB9C9E5DCD3}.Release|x86.Build.0 = Release|Win32
		{8D83AA26-906F-489E-9559-EE12AE899620}.Debug|x64.ActiveCfg = Debug|x64
		{8D83AA26-906F-489E-9559-EE12AE899620}.Debug|x64.Build.0 = Debug|x64
		{8D83AA26-906F-489E-9559-EE12AE899620}.Debug|x86.ActiveCfg = Debug|Win32
		{8D83AA26-906F-489E-9559-EE12AE899620}.Debug|x86.Build.0 = Debug|Win32
		{8D83AA26-906F-489E-9559-EE12AE899620}.Release|x64.ActiveCfg = Release|x64
		{8D83AA26-906F-489E-9559-EE12AE899620}.Release|x64.Build.0 = Release|x64
		{8D83AA26-906F-489E-9559-EE12AE899620}.Release|x86.ActiveCfg = Release|Win32
		{8D83AA26-906F-489E-9559-EE12AE899620}.Release|x86.Build.0 = Release|Win32
		{F0568A7B-5D5F-4C09-B79D-13C4361A4454}.Debug|x64.ActiveCfg = Debug|x64
		{F0568A7B-5D5F-4C09-B79D-13C4361A4454}.Debug|x64.Build.0 = Debug|x64
		{F0568A7B-5D5F-4C09-B79D-13C4361A4454}.Debug|x86.ActiveCfg = Debug|Win32
		{F0568A7B-5D5F-4C09-B79D-13C4361A4454}.Debug|x86.Build.0 = Debug|Win32
		{F0568A7B-5D5F-4C09-B79D-13C4361A4454}.Release|x64.ActiveCfg = Release|x64
		{F0568A7B-5D5F-4C09-B79D-13C4361A4454}.Release|x64.Build.0 = Release|x64
		{F0568A7B-5D5F-4C09-B79D-13C4361A4454}.Release|x86.ActiveCfg = Release|Win32
		{F0568A7B-5D5F-4C09-B79D-13C4361A4454}.Release|x86.Build.0 = Release|Win32
		{E0191949-C611-4AFF-9530-BF828FD32F95}.Debug|x64.ActiveCfg = Debug|x64
		{E0191949-C611-4AFF-9530-BF828FD32F95}.Debug|x64.Build.0 = Debug|x64
		{E0191949-C611-4AFF-9530-BF828FD32F95}.Debug|x86.ActiveCfg = Debug|Win32
		{E0191949-C611-4AFF-9530-BF828FD32F95}.Debug|x86.Build.0 = Debug|Win32
		{E0191949-C611-4AFF-9530-BF828FD32F95}.Release|x64.ActiveCfg = Release|x64
		{E0191949-C611-4AFF-9530-BF828FD32F95}.Release|x64.Build.0 = Release|x64
		{E0191949-C611-4AFF-9530-BF828FD32F95}.Release|x86.ActiveCfg = Release|Win32
		{E0191949-C611-4AFF-9530-BF828FD32F95}.Release|x86.Build.0 = Release|Win32
		{F29436D4-AB16-4909-9388-411548DAC4C9}.Debug|x64.ActiveCfg = Debug|x64
		{F29436D4-AB16-4909-9388-411548DAC4C9}.Debug|x64.Build.0 = Debug|x64
		{F29436D4-AB16-4909-9388-411548DAC4C9}.Debug|x86.ActiveCfg = Debug|Win32
		{F29436D4-AB16-4909-9388-411548DAC4C9}.Debug|x86.Build.0 = Debug|Win32
		{F29436D4-AB16-4909-9388-411548DAC4C9}.Release|x64.ActiveCfg = Release|x64
		{F29436D4-AB16-4909-9388-411548DAC4C9}.Release|x64.Build.0 = Release|x64
		{F29436D4-AB16-4909-9388-411548DAC4C9}.Release|x86.ActiveCfg = Release|Win32
		{F29436D4-AB16-4909-9388-411548DAC4C9}.Release|x86.Build.0 = Release|Win32
		{A0502636-3226-438F-B8B4-24F8ED887073}.Debug|x64.ActiveCfg = Debug|x64
		{A0502636-3226-438F-B8B4-24F8ED887073}.Debug|x64.Build.0 = Debug|x64
		{A0502636-3226-438F-B8B4-24F8ED887073}.Debug|x86.ActiveCfg = Debug|Win32
		{A0502636-3226-438F-B8B4-24F8ED887073}.Debug|x86.Build.0 = Debug|Win32
		{A0502636-3226-438F-B8B4-24F8ED887073}.Release|x64.ActiveCfg = Release|x64
		{A0502636-3226-438F-B8B4-24F8ED887073}.Release|x64.Build.0 = Release|x64
		{A0502636-3226-438F-B8B4-24F8ED887073}.Release|x86.ActiveCfg = Release|Win32
		{A0502636-3226-438F-B8B4-24F8ED887073}.Release|x86.Build.0 = Release|Win32
		{9C402FA7-C301-4722-857E-4A6D57739776}.Debug|x64.ActiveCfg = Debug|x64
		{9C402FA7-C301-4722-857E-4A6D57739776}.Debug|x64.Build.0 = Debug|x64
		{9C402FA7-C301-4722-857E-4A6D57739776}.Debug|x86.ActiveCfg = Debug|Win32
		{9C402FA7-C301-4722-857E-4A6D57739776}.Debug|x86.Build.0 = Debug|Win32
		{9C402FA7-C301-4722-857E-4A6D57739776}.Release|x64.ActiveCfg = Release|x64
		{9C402FA7-C301-4722-857E-4A6D57739776}.Release|x64.Build.0 = Release|x64
		{9C402FA7-C301-4722-857E-4A6D57739776}.Release|x86.ActiveCfg = Release|Win32
		{9C402FA7-C301-4722-857E-4A6D57739776}.Release|x86.Build.0 = Release|Win32
		{E8D9EBBC-9FE5-4B7B-9604-228F5FC57EA6}.Debug|x64.ActiveCfg = Debug|x64
		{E8D9EBBC-9FE5-4B7B-9604-228F5FC57EA6}.Debug|x64.Build.0 = Debug|x64
		{E8D9EBBC-9FE5-4B7B-9604-228F5FC57EA6}.Debug|x86.ActiveCfg = Debug|Win32
		{E8D9EBBC-9FE5-4B7B-9604-228F5FC57EA6}.Debug|x86.Build.0 = Debug|Win32
		{E8D9EBBC-9FE5-4B7B-9604-228F5FC57EA6}.Release|x64.ActiveCfg = Release|x64
		{E8D9EBBC-9FE5-4B7B-9604-228F5FC57EA6}.Release|x64.Build.0 = Release|x64
		{E8D9EBBC-9FE5-4B7B-9604-228F5FC57EA6}.Release|x86.ActiveCfg = Release|Win32
		{E8D9EBBC-9FE5-4B7B-9604-228F5FC57EA6}.Release|x86.Build.0 = Release|Win32
	EndGlobalSection
	GlobalSection(SolutionProperties) = preSolution
		HideSolutionNode = FALSE
	EndGlobalSection
EndGlobal
